lockfileVersion: '6.0'

settings:
  autoInstallPeers: true
  excludeLinksFromLockfile: false

dependencies:
  '@fortawesome/fontawesome-free':
    specifier: ^6.3.0
    version: 6.4.2
  '@patternfly/patternfly':
    specifier: ^5.0.4
    version: 5.0.4

packages:

  /@fortawesome/fontawesome-free@6.4.2:
    resolution: {integrity: sha512-m5cPn3e2+FDCOgi1mz0RexTUvvQibBebOUlUlW0+YrMjDTPkiJ6VTKukA1GRsvRw+12KyJndNjj0O4AgTxm2Pg==}
    engines: {node: '>=6'}
    requiresBuild: true
    dev: false

  /@patternfly/patternfly@5.0.4:
    resolution: {integrity: sha512-8akdWzFpG384Q6Es8lzkfuhAlzVGrNK7TJqXGecHDAg8u1JsYn3+Nw6gLRviI88z8Kjxmg5YKirILjpclGxkIA==}
    dev: false
